{
  "name": "ednotif",
  "version": "1.0.0",
  "lockfileVersion": 2,
  "requires": true,
  "packages": {
    "": {
      "name": "ednotif",
      "version": "1.0.0",
      "license": "ISC",
      "dependencies": {
        "ecoledirecte-client": "^1.0.5"
      }
    },
    "node_modules/ecoledirecte-client": {
      "version": "1.0.5",
      "resolved": "https://registry.npmjs.org/ecoledirecte-client/-/ecoledirecte-client-1.0.5.tgz",
      "integrity": "sha512-un6nDGkfVnPpb+tl1yLZuy3A/Nonix8hV+wPxOkb7lqBIye0m+IE6HVM+FrYxgSRhekxCPvMJl+hzgIsa8Dw7g==",
      "dependencies": {
        "fs": "^0.0.1-security"
      }
    },
    "node_modules/fs": {
      "version": "0.0.1-security",
      "resolved": "https://registry.npmjs.org/fs/-/fs-0.0.1-security.tgz",
      "integrity": "sha512-3XY9e1pP0CVEUCdj5BmfIZxRBTSDycnbqhIOGec9QYtmVH2fbLpj86CFWkrNOkt/Fvty4KZG5lTglL9j/gJ87w=="
    }
  },
  "dependencies": {
    "ecoledirecte-client": {
      "version": "1.0.5",
      "resolved": "https://registry.npmjs.org/ecoledirecte-client/-/ecoledirecte-client-1.0.5.tgz",
      "integrity": "sha512-un6nDGkfVnPpb+tl1yLZuy3A/Nonix8hV+wPxOkb7lqBIye0m+IE6HVM+FrYxgSRhekxCPvMJl+hzgIsa8Dw7g==",
      "requires": {
        "fs": "^0.0.1-security"
      }
    },
    "fs": {
      "version": "0.0.1-security",
      "resolved": "https://registry.npmjs.org/fs/-/fs-0.0.1-security.tgz",
      "integrity": "sha512-3XY9e1pP0CVEUCdj5BmfIZxRBTSDycnbqhIOGec9QYtmVH2fbLpj86CFWkrNOkt/Fvty4KZG5lTglL9j/gJ87w=="
    }
  }
}
